
Microsoft Visual Studio Solution File, Format Version 12.00
# Visual Studio Version 17
VisualStudioVersion = 17.9.34728.123
MinimumVisualStudioVersion = 10.0.40219.1
Project("{FAE04EC0-301F-11D3-BF4B-00C04F79EFBC}") = "BulkyWeb", "BulkyWeb\BulkyWeb.csproj", "{BA2FA4D4-B49E-43D0-A487-7C1D2C2F3771}"
EndProject
Global
	GlobalSection(SolutionConfigurationPlatforms) = preSolution
		Debug|Any CPU = Debug|Any CPU
		Release|Any CPU = Release|Any CPU
	EndGlobalSection
	GlobalSection(ProjectConfigurationPlatforms) = postSolution
		{BA2FA4D4-B49E-43D0-A487-7C1D2C2F3771}.Debug|Any CPU.ActiveCfg = Debug|Any CPU
		{BA2FA4D4-B49E-43D0-A487-7C1D2C2F3771}.Debug|Any CPU.Build.0 = Debug|Any CPU
		{BA2FA4D4-B49E-43D0-A487-7C1D2C2F3771}.Release|Any CPU.ActiveCfg = Release|Any CPU
		{BA2FA4D4-B49E-43D0-A487-7C1D2C2F3771}.Release|Any CPU.Build.0 = Release|Any CPU
	EndGlobalSection
	GlobalSection(SolutionProperties) = preSolution
		HideSolutionNode = FALSE
	EndGlobalSection
	GlobalSection(ExtensibilityGlobals) = postSolution
		SolutionGuid = {4C040ECB-ABF1-4BB9-A750-73023E6A02C8}
	EndGlobalSection
EndGlobal
